// !$*UTF8*$!
{
	archiveVersion = 1;
	classes = {
	};
	objectVersion = 46;
	objects = {

/* Begin PBXBuildFile section */
		1144DE8A1BBA86DA00862AF5 /* ListVehicleViewController.m in Sources */ = {isa = PBXBuildFile; fileRef = 1144DE891BBA86DA00862AF5 /* ListVehicleViewController.m */; settings = {ASSET_TAGS = (); }; };
		1144DE8D1BBA8DEF00862AF5 /* Vehicle.m in Sources */ = {isa = PBXBuildFile; fileRef = 1144DE8C1BBA8DEF00862AF5 /* Vehicle.m */; settings = {ASSET_TAGS = (); }; };
		116724AA1BBD3C4B006307A0 /* ListTableCell.m in Sources */ = {isa = PBXBuildFile; fileRef = 116724A91BBD3C4B006307A0 /* ListTableCell.m */; settings = {ASSET_TAGS = (); }; };
		116F8D541BBE279B008EAFD6 /* MapKit.framework in Frameworks */ = {isa = PBXBuildFile; fileRef = 116F8D531BBE279B008EAFD6 /* MapKit.framework */; };
		116F8D5A1BBE2F4C008EAFD6 /* VehicleDetailViewController.m in Sources */ = {isa = PBXBuildFile; fileRef = 116F8D591BBE2F4C008EAFD6 /* VehicleDetailViewController.m */; settings = {ASSET_TAGS = (); }; };
		116F8D601BBE49DD008EAFD6 /* VehicleDetailCell.m in Sources */ = {isa = PBXBuildFile; fileRef = 116F8D5F1BBE49DD008EAFD6 /* VehicleDetailCell.m */; settings = {ASSET_TAGS = (); }; };
		116F8D631BBE7B0A008EAFD6 /* VehicleDetail.m in Sources */ = {isa = PBXBuildFile; fileRef = 116F8D621BBE7B0A008EAFD6 /* VehicleDetail.m */; settings = {ASSET_TAGS = (); }; };
		11782DB21BB528A7009130E5 /* main.m in Sources */ = {isa = PBXBuildFile; fileRef = 11782DB11BB528A7009130E5 /* main.m */; };
		11782DB51BB528A7009130E5 /* AppDelegate.m in Sources */ = {isa = PBXBuildFile; fileRef = 11782DB41BB528A7009130E5 /* AppDelegate.m */; };
		11782DB81BB528A7009130E5 /* ViewController.m in Sources */ = {isa = PBXBuildFile; fileRef = 11782DB71BB528A7009130E5 /* ViewController.m */; };
		11782DBB1BB528A7009130E5 /* Main.storyboard in Resources */ = {isa = PBXBuildFile; fileRef = 11782DB91BB528A7009130E5 /* Main.storyboard */; };
		11782DBD1BB528A7009130E5 /* Assets.xcassets in Resources */ = {isa = PBXBuildFile; fileRef = 11782DBC1BB528A7009130E5 /* Assets.xcassets */; };
		11782DC01BB528A7009130E5 /* LaunchScreen.storyboard in Resources */ = {isa = PBXBuildFile; fileRef = 11782DBE1BB528A7009130E5 /* LaunchScreen.storyboard */; };
		11782DCB1BB528A8009130E5 /* CarShareTests.m in Sources */ = {isa = PBXBuildFile; fileRef = 11782DCA1BB528A8009130E5 /* CarShareTests.m */; };
		11782DD61BB528A8009130E5 /* CarShareUITests.m in Sources */ = {isa = PBXBuildFile; fileRef = 11782DD51BB528A8009130E5 /* CarShareUITests.m */; };
		11782DE41BB52C4F009130E5 /* UIKit.framework in Frameworks */ = {isa = PBXBuildFile; fileRef = 11782DE31BB52C4F009130E5 /* UIKit.framework */; };
		11782DE71BB533A7009130E5 /* LogInViewcontroller.m in Sources */ = {isa = PBXBuildFile; fileRef = 11782DE61BB533A7009130E5 /* LogInViewcontroller.m */; settings = {ASSET_TAGS = (); }; };
		11782DEA1BB537D3009130E5 /* User.m in Sources */ = {isa = PBXBuildFile; fileRef = 11782DE91BB537D3009130E5 /* User.m */; settings = {ASSET_TAGS = (); }; };
		11782DED1BB54071009130E5 /* MenuViewController.m in Sources */ = {isa = PBXBuildFile; fileRef = 11782DEC1BB54071009130E5 /* MenuViewController.m */; settings = {ASSET_TAGS = (); }; };
		11A279B61BC4E01600F57151 /* VehicleListCell.m in Sources */ = {isa = PBXBuildFile; fileRef = 11A279B51BC4E01600F57151 /* VehicleListCell.m */; settings = {ASSET_TAGS = (); }; };
/* End PBXBuildFile section */

/* Begin PBXContainerItemProxy section */
		11782DC71BB528A8009130E5 /* PBXContainerItemProxy */ = {
			isa = PBXContainerItemProxy;
			containerPortal = 11782DA51BB528A7009130E5 /* Project object */;
			proxyType = 1;
			remoteGlobalIDString = 11782DAC1BB528A7009130E5;
			remoteInfo = CarShare;
		};
		11782DD21BB528A8009130E5 /* PBXContainerItemProxy */ = {
			isa = PBXContainerItemProxy;
			containerPortal = 11782DA51BB528A7009130E5 /* Project object */;
			proxyType = 1;
			remoteGlobalIDString = 11782DAC1BB528A7009130E5;
			remoteInfo = CarShare;
		};
/* End PBXContainerItemProxy section */

/* Begin PBXFileReference section */
		1144DE881BBA86DA00862AF5 /* ListVehicleViewController.h */ = {isa = PBXFileReference; fileEncoding = 4; lastKnownFileType = sourcecode.c.h; path = ListVehicleViewController.h; sourceTree = "<group>"; };
		1144DE891BBA86DA00862AF5 /* ListVehicleViewController.m */ = {isa = PBXFileReference; fileEncoding = 4; lastKnownFileType = sourcecode.c.objc; path = ListVehicleViewController.m; sourceTree = "<group>"; };
		1144DE8B1BBA8DEF00862AF5 /* Vehicle.h */ = {isa = PBXFileReference; fileEncoding = 4; lastKnownFileType = sourcecode.c.h; path = Vehicle.h; sourceTree = "<group>"; };
		1144DE8C1BBA8DEF00862AF5 /* Vehicle.m */ = {isa = PBXFileReference; fileEncoding = 4; lastKnownFileType = sourcecode.c.objc; path = Vehicle.m; sourceTree = "<group>"; };
		116724A81BBD3C4B006307A0 /* ListTableCell.h */ = {isa = PBXFileReference; fileEncoding = 4; lastKnownFileType = sourcecode.c.h; path = ListTableCell.h; sourceTree = "<group>"; };
		116724A91BBD3C4B006307A0 /* ListTableCell.m */ = {isa = PBXFileReference; fileEncoding = 4; lastKnownFileType = sourcecode.c.objc; path = ListTableCell.m; sourceTree = "<group>"; };
		116F8D531BBE279B008EAFD6 /* MapKit.framework */ = {isa = PBXFileReference; lastKnownFileType = wrapper.framework; name = MapKit.framework; path = System/Library/Frameworks/MapKit.framework; sourceTree = SDKROOT; };
		116F8D581BBE2F4C008EAFD6 /* VehicleDetailViewController.h */ = {isa = PBXFileReference; fileEncoding = 4; lastKnownFileType = sourcecode.c.h; path = VehicleDetailViewController.h; sourceTree = "<group>"; };
		116F8D591BBE2F4C008EAFD6 /* VehicleDetailViewController.m */ = {isa = PBXFileReference; fileEncoding = 4; lastKnownFileType = sourcecode.c.objc; path = VehicleDetailViewController.m; sourceTree = "<group>"; };
		116F8D5E1BBE49DD008EAFD6 /* VehicleDetailCell.h */ = {isa = PBXFileReference; fileEncoding = 4; lastKnownFileType = sourcecode.c.h; path = VehicleDetailCell.h; sourceTree = "<group>"; };
		116F8D5F1BBE49DD008EAFD6 /* VehicleDetailCell.m */ = {isa = PBXFileReference; fileEncoding = 4; lastKnownFileType = sourcecode.c.objc; path = VehicleDetailCell.m; sourceTree = "<group>"; };
		116F8D611BBE7B0A008EAFD6 /* VehicleDetail.h */ = {isa = PBXFileReference; fileEncoding = 4; lastKnownFileType = sourcecode.c.h; path = VehicleDetail.h; sourceTree = "<group>"; };
		116F8D621BBE7B0A008EAFD6 /* VehicleDetail.m */ = {isa = PBXFileReference; fileEncoding = 4; lastKnownFileType = sourcecode.c.objc; path = VehicleDetail.m; sourceTree = "<group>"; };
		11782DAD1BB528A7009130E5 /* CarShare.app */ = {isa = PBXFileReference; explicitFileType = wrapper.application; includeInIndex = 0; path = CarShare.app; sourceTree = BUILT_PRODUCTS_DIR; };
		11782DB11BB528A7009130E5 /* main.m */ = {isa = PBXFileReference; lastKnownFileType = sourcecode.c.objc; path = main.m; sourceTree = "<group>"; };
		11782DB31BB528A7009130E5 /* AppDelegate.h */ = {isa = PBXFileReference; lastKnownFileType = sourcecode.c.h; path = AppDelegate.h; sourceTree = "<group>"; };
		11782DB41BB528A7009130E5 /* AppDelegate.m */ = {isa = PBXFileReference; lastKnownFileType = sourcecode.c.objc; path = AppDelegate.m; sourceTree = "<group>"; };
		11782DB61BB528A7009130E5 /* ViewController.h */ = {isa = PBXFileReference; lastKnownFileType = sourcecode.c.h; path = ViewController.h; sourceTree = "<group>"; };
		11782DB71BB528A7009130E5 /* ViewController.m */ = {isa = PBXFileReference; lastKnownFileType = sourcecode.c.objc; path = ViewController.m; sourceTree = "<group>"; };
		11782DBA1BB528A7009130E5 /* Base */ = {isa = PBXFileReference; lastKnownFileType = file.storyboard; name = Base; path = Base.lproj/Main.storyboard; sourceTree = "<group>"; };
		11782DBC1BB528A7009130E5 /* Assets.xcassets */ = {isa = PBXFileReference; lastKnownFileType = folder.assetcatalog; path = Assets.xcassets; sourceTree = "<group>"; };
		11782DBF1BB528A7009130E5 /* Base */ = {isa = PBXFileReference; lastKnownFileType = file.storyboard; name = Base; path = Base.lproj/LaunchScreen.storyboard; sourceTree = "<group>"; };
		11782DC11BB528A7009130E5 /* Info.plist */ = {isa = PBXFileReference; lastKnownFileType = text.plist.xml; path = Info.plist; sourceTree = "<group>"; };
		11782DC61BB528A8009130E5 /* CarShareTests.xctest */ = {isa = PBXFileReference; explicitFileType = wrapper.cfbundle; includeInIndex = 0; path = CarShareTests.xctest; sourceTree = BUILT_PRODUCTS_DIR; };
		11782DCA1BB528A8009130E5 /* CarShareTests.m */ = {isa = PBXFileReference; lastKnownFileType = sourcecode.c.objc; path = CarShareTests.m; sourceTree = "<group>"; };
		11782DCC1BB528A8009130E5 /* Info.plist */ = {isa = PBXFileReference; lastKnownFileType = text.plist.xml; path = Info.plist; sourceTree = "<group>"; };
		11782DD11BB528A8009130E5 /* CarShareUITests.xctest */ = {isa = PBXFileReference; explicitFileType = wrapper.cfbundle; includeInIndex = 0; path = CarShareUITests.xctest; sourceTree = BUILT_PRODUCTS_DIR; };
		11782DD51BB528A8009130E5 /* CarShareUITests.m */ = {isa = PBXFileReference; lastKnownFileType = sourcecode.c.objc; path = CarShareUITests.m; sourceTree = "<group>"; };
		11782DD71BB528A8009130E5 /* Info.plist */ = {isa = PBXFileReference; lastKnownFileType = text.plist.xml; path = Info.plist; sourceTree = "<group>"; };
		11782DE31BB52C4F009130E5 /* UIKit.framework */ = {isa = PBXFileReference; lastKnownFileType = wrapper.framework; name = UIKit.framework; path = System/Library/Frameworks/UIKit.framework; sourceTree = SDKROOT; };
		11782DE51BB533A7009130E5 /* LogInViewcontroller.h */ = {isa = PBXFileReference; fileEncoding = 4; lastKnownFileType = sourcecode.c.h; path = LogInViewcontroller.h; sourceTree = "<group>"; };
		11782DE61BB533A7009130E5 /* LogInViewcontroller.m */ = {isa = PBXFileReference; fileEncoding = 4; lastKnownFileType = sourcecode.c.objc; path = LogInViewcontroller.m; sourceTree = "<group>"; };
		11782DE81BB537D3009130E5 /* User.h */ = {isa = PBXFileReference; fileEncoding = 4; lastKnownFileType = sourcecode.c.h; path = User.h; sourceTree = "<group>"; };
		11782DE91BB537D3009130E5 /* User.m */ = {isa = PBXFileReference; fileEncoding = 4; lastKnownFileType = sourcecode.c.objc; path = User.m; sourceTree = "<group>"; };
		11782DEB1BB54071009130E5 /* MenuViewController.h */ = {isa = PBXFileReference; fileEncoding = 4; lastKnownFileType = sourcecode.c.h; path = MenuViewController.h; sourceTree = "<group>"; };
		11782DEC1BB54071009130E5 /* MenuViewController.m */ = {isa = PBXFileReference; fileEncoding = 4; lastKnownFileType = sourcecode.c.objc; path = MenuViewController.m; sourceTree = "<group>"; };
		11A279B41BC4E01600F57151 /* VehicleListCell.h */ = {isa = PBXFileReference; fileEncoding = 4; lastKnownFileType = sourcecode.c.h; path = VehicleListCell.h; sourceTree = "<group>"; };
		11A279B51BC4E01600F57151 /* VehicleListCell.m */ = {isa = PBXFileReference; fileEncoding = 4; lastKnownFileType = sourcecode.c.objc; path = VehicleListCell.m; sourceTree = "<group>"; };
/* End PBXFileReference section */

/* Begin PBXFrameworksBuildPhase section */
		11782DAA1BB528A7009130E5 /* Frameworks */ = {
			isa = PBXFrameworksBuildPhase;
			buildActionMask = 2147483647;
			files = (
				116F8D541BBE279B008EAFD6 /* MapKit.framework in Frameworks */,
				11782DE41BB52C4F009130E5 /* UIKit.framework in Frameworks */,
			);
			runOnlyForDeploymentPostprocessing = 0;
		};
		11782DC31BB528A8009130E5 /* Frameworks */ = {
			isa = PBXFrameworksBuildPhase;
			buildActionMask = 2147483647;
			files = (
			);
			runOnlyForDeploymentPostprocessing = 0;
		};
		11782DCE1BB528A8009130E5 /* Frameworks */ = {
			isa = PBXFrameworksBuildPhase;
			buildActionMask = 2147483647;
			files = (
			);
			runOnlyForDeploymentPostprocessing = 0;
		};
/* End PBXFrameworksBuildPhase section */

/* Begin PBXGroup section */
		11782DA41BB528A7009130E5 = {
			isa = PBXGroup;
			children = (
				116F8D531BBE279B008EAFD6 /* MapKit.framework */,
				11782DE31BB52C4F009130E5 /* UIKit.framework */,
				11B62E981BC22F6800F524FF /* New Group */,
				11782DC91BB528A8009130E5 /* CarShareTests */,
				11782DD41BB528A8009130E5 /* CarShareUITests */,
				11782DAE1BB528A7009130E5 /* Products */,
			);
			sourceTree = "<group>";
		};
		11782DAE1BB528A7009130E5 /* Products */ = {
			isa = PBXGroup;
			children = (
				11782DAD1BB528A7009130E5 /* CarShare.app */,
				11782DC61BB528A8009130E5 /* CarShareTests.xctest */,
				11782DD11BB528A8009130E5 /* CarShareUITests.xctest */,
			);
			name = Products;
			sourceTree = "<group>";
		};
		11782DAF1BB528A7009130E5 /* CarShare */ = {
			isa = PBXGroup;
			children = (
				11B62E9B1BC23FDD00F524FF /* View */,
				11B62E9A1BC2304400F524FF /* Controller */,
				11B62E991BC22FD300F524FF /* Model */,
				11782DB31BB528A7009130E5 /* AppDelegate.h */,
				11782DB41BB528A7009130E5 /* AppDelegate.m */,
				11782DB61BB528A7009130E5 /* ViewController.h */,
				11782DB71BB528A7009130E5 /* ViewController.m */,
				11782DB91BB528A7009130E5 /* Main.storyboard */,
				11782DBC1BB528A7009130E5 /* Assets.xcassets */,
				11782DBE1BB528A7009130E5 /* LaunchScreen.storyboard */,
				11782DC11BB528A7009130E5 /* Info.plist */,
				11782DB01BB528A7009130E5 /* Supporting Files */,
			);
			path = CarShare;
			sourceTree = "<group>";
		};
		11782DB01BB528A7009130E5 /* Supporting Files */ = {
			isa = PBXGroup;
			children = (
				11782DB11BB528A7009130E5 /* main.m */,
			);
			name = "Supporting Files";
			sourceTree = "<group>";
		};
		11782DC91BB528A8009130E5 /* CarShareTests */ = {
			isa = PBXGroup;
			children = (
				11782DCA1BB528A8009130E5 /* CarShareTests.m */,
				11782DCC1BB528A8009130E5 /* Info.plist */,
			);
			path = CarShareTests;
			sourceTree = "<group>";
		};
		11782DD41BB528A8009130E5 /* CarShareUITests */ = {
			isa = PBXGroup;
			children = (
				11782DD51BB528A8009130E5 /* CarShareUITests.m */,
				11782DD71BB528A8009130E5 /* Info.plist */,
			);
			path = CarShareUITests;
			sourceTree = "<group>";
		};
		11B62E981BC22F6800F524FF /* New Group */ = {
			isa = PBXGroup;
			children = (
				11782DAF1BB528A7009130E5 /* CarShare */,
			);
			name = "New Group";
			sourceTree = "<group>";
		};
		11B62E991BC22FD300F524FF /* Model */ = {
			isa = PBXGroup;
			children = (
				11782DE81BB537D3009130E5 /* User.h */,
				11782DE91BB537D3009130E5 /* User.m */,
				1144DE8B1BBA8DEF00862AF5 /* Vehicle.h */,
				1144DE8C1BBA8DEF00862AF5 /* Vehicle.m */,
				116F8D611BBE7B0A008EAFD6 /* VehicleDetail.h */,
				116F8D621BBE7B0A008EAFD6 /* VehicleDetail.m */,
			);
			name = Model;
			sourceTree = "<group>";
		};
		11B62E9A1BC2304400F524FF /* Controller */ = {
			isa = PBXGroup;
			children = (
				11782DE51BB533A7009130E5 /* LogInViewcontroller.h */,
				11782DE61BB533A7009130E5 /* LogInViewcontroller.m */,
				11782DEB1BB54071009130E5 /* MenuViewController.h */,
				11782DEC1BB54071009130E5 /* MenuViewController.m */,
				1144DE881BBA86DA00862AF5 /* ListVehicleViewController.h */,
				1144DE891BBA86DA00862AF5 /* ListVehicleViewController.m */,
				116F8D581BBE2F4C008EAFD6 /* VehicleDetailViewController.h */,
				116F8D591BBE2F4C008EAFD6 /* VehicleDetailViewController.m */,
			);
			name = Controller;
			sourceTree = "<group>";
		};
		11B62E9B1BC23FDD00F524FF /* View */ = {
			isa = PBXGroup;
			children = (
				116724A81BBD3C4B006307A0 /* ListTableCell.h */,
				116724A91BBD3C4B006307A0 /* ListTableCell.m */,
				116F8D5E1BBE49DD008EAFD6 /* VehicleDetailCell.h */,
				116F8D5F1BBE49DD008EAFD6 /* VehicleDetailCell.m */,
				11A279B41BC4E01600F57151 /* VehicleListCell.h */,
				11A279B51BC4E01600F57151 /* VehicleListCell.m */,
			);
			name = View;
			sourceTree = "<group>";
		};
/* End PBXGroup section */

/* Begin PBXNativeTarget section */
		11782DAC1BB528A7009130E5 /* CarShare */ = {
			isa = PBXNativeTarget;
			buildConfigurationList = 11782DDA1BB528A8009130E5 /* Build configuration list for PBXNativeTarget "CarShare" */;
			buildPhases = (
				11782DA91BB528A7009130E5 /* Sources */,
				11782DAA1BB528A7009130E5 /* Frameworks */,
				11782DAB1BB528A7009130E5 /* Resources */,
			);
			buildRules = (
			);
			dependencies = (
			);
			name = CarShare;
			productName = CarShare;
			productReference = 11782DAD1BB528A7009130E5 /* CarShare.app */;
			productType = "com.apple.product-type.application";
		};
		11782DC51BB528A8009130E5 /* CarShareTests */ = {
			isa = PBXNativeTarget;
			buildConfigurationList = 11782DDD1BB528A8009130E5 /* Build configuration list for PBXNativeTarget "CarShareTests" */;
			buildPhases = (
				11782DC21BB528A8009130E5 /* Sources */,
				11782DC31BB528A8009130E5 /* Frameworks */,
				11782DC41BB528A8009130E5 /* Resources */,
			);
			buildRules = (
			);
			dependencies = (
				11782DC81BB528A8009130E5 /* PBXTargetDependency */,
			);
			name = CarShareTests;
			productName = CarShareTests;
			productReference = 11782DC61BB528A8009130E5 /* CarShareTests.xctest */;
			productType = "com.apple.product-type.bundle.unit-test";
		};
		11782DD01BB528A8009130E5 /* CarShareUITests */ = {
			isa = PBXNativeTarget;
			buildConfigurationList = 11782DE01BB528A8009130E5 /* Build configuration list for PBXNativeTarget "CarShareUITests" */;
			buildPhases = (
				11782DCD1BB528A8009130E5 /* Sources */,
				11782DCE1BB528A8009130E5 /* Frameworks */,
				11782DCF1BB528A8009130E5 /* Resources */,
			);
			buildRules = (
			);
			dependencies = (
				11782DD31BB528A8009130E5 /* PBXTargetDependency */,
			);
			name = CarShareUITests;
			productName = CarShareUITests;
			productReference = 11782DD11BB528A8009130E5 /* CarShareUITests.xctest */;
			productType = "com.apple.product-type.bundle.ui-testing";
		};
/* End PBXNativeTarget section */

/* Begin PBXProject section */
		11782DA51BB528A7009130E5 /* Project object */ = {
			isa = PBXProject;
			attributes = {
				LastUpgradeCheck = 0700;
				ORGANIZATIONNAME = ssd;
				TargetAttributes = {
					11782DAC1BB528A7009130E5 = {
						CreatedOnToolsVersion = 7.0;
						DevelopmentTeam = P8RWE3RJ59;
					};
					11782DC51BB528A8009130E5 = {
						CreatedOnToolsVersion = 7.0;
						TestTargetID = 11782DAC1BB528A7009130E5;
					};
					11782DD01BB528A8009130E5 = {
						CreatedOnToolsVersion = 7.0;
						TestTargetID = 11782DAC1BB528A7009130E5;
					};
				};
			};
			buildConfigurationList = 11782DA81BB528A7009130E5 /* Build configuration list for PBXProject "CarShare" */;
			compatibilityVersion = "Xcode 3.2";
			developmentRegion = English;
			hasScannedForEncodings = 0;
			knownRegions = (
				en,
				Base,
			);
			mainGroup = 11782DA41BB528A7009130E5;
			productRefGroup = 11782DAE1BB528A7009130E5 /* Products */;
			projectDirPath = "";
			projectRoot = "";
			targets = (
				11782DAC1BB528A7009130E5 /* CarShare */,
				11782DC51BB528A8009130E5 /* CarShareTests */,
				11782DD01BB528A8009130E5 /* CarShareUITests */,
			);
		};
/* End PBXProject section */

/* Begin PBXResourcesBuildPhase section */
		11782DAB1BB528A7009130E5 /* Resources */ = {
			isa = PBXResourcesBuildPhase;
			buildActionMask = 2147483647;
			files = (
				11782DC01BB528A7009130E5 /* LaunchScreen.storyboard in Resources */,
				11782DBD1BB528A7009130E5 /* Assets.xcassets in Resources */,
				11782DBB1BB528A7009130E5 /* Main.storyboard in Resources */,
			);
			runOnlyForDeploymentPostprocessing = 0;
		};
		11782DC41BB528A8009130E5 /* Resources */ = {
			isa = PBXResourcesBuildPhase;
			buildActionMask = 2147483647;
			files = (
			);
			runOnlyForDeploymentPostprocessing = 0;
		};
		11782DCF1BB528A8009130E5 /* Resources */ = {
			isa = PBXResourcesBuildPhase;
			buildActionMask = 2147483647;
			files = (
			);
			runOnlyForDeploymentPostprocessing = 0;
		};
/* End PBXResourcesBuildPhase section */

/* Begin PBXSourcesBuildPhase section */
		11782DA91BB528A7009130E5 /* Sources */ = {
			isa = PBXSourcesBuildPhase;
			buildActionMask = 2147483647;
			files = (
				116F8D5A1BBE2F4C008EAFD6 /* VehicleDetailViewController.m in Sources */,
				116F8D631BBE7B0A008EAFD6 /* VehicleDetail.m in Sources */,
				11A279B61BC4E01600F57151 /* VehicleListCell.m in Sources */,
				116724AA1BBD3C4B006307A0 /* ListTableCell.m in Sources */,
				11782DEA1BB537D3009130E5 /* User.m in Sources */,
				1144DE8A1BBA86DA00862AF5 /* ListVehicleViewController.m in Sources */,
				116F8D601BBE49DD008EAFD6 /* VehicleDetailCell.m in Sources */,
				11782DED1BB54071009130E5 /* MenuViewController.m in Sources */,
				11782DE71BB533A7009130E5 /* LogInViewcontroller.m in Sources */,
				1144DE8D1BBA8DEF00862AF5 /* Vehicle.m in Sources */,
				11782DB81BB528A7009130E5 /* ViewController.m in Sources */,
				11782DB51BB528A7009130E5 /* AppDelegate.m in Sources */,
				11782DB21BB528A7009130E5 /* main.m in Sources */,
			);
			runOnlyForDeploymentPostprocessing = 0;
		};
		11782DC21BB528A8009130E5 /* Sources */ = {
			isa = PBXSourcesBuildPhase;
			buildActionMask = 2147483647;
			files = (
				11782DCB1BB528A8009130E5 /* CarShareTests.m in Sources */,
			);
			runOnlyForDeploymentPostprocessing = 0;
		};
		11782DCD1BB528A8009130E5 /* Sources */ = {
			isa = PBXSourcesBuildPhase;
			buildActionMask = 2147483647;
			files = (
				11782DD61BB528A8009130E5 /* CarShareUITests.m in Sources */,
			);
			runOnlyForDeploymentPostprocessing = 0;
		};
/* End PBXSourcesBuildPhase section */

/* Begin PBXTargetDependency section */
		11782DC81BB528A8009130E5 /* PBXTargetDependency */ = {
			isa = PBXTargetDependency;
			target = 11782DAC1BB528A7009130E5 /* CarShare */;
			targetProxy = 11782DC71BB528A8009130E5 /* PBXContainerItemProxy */;
		};
		11782DD31BB528A8009130E5 /* PBXTargetDependency */ = {
			isa = PBXTargetDependency;
			target = 11782DAC1BB528A7009130E5 /* CarShare */;
			targetProxy = 11782DD21BB528A8009130E5 /* PBXContainerItemProxy */;
		};
/* End PBXTargetDependency section */

/* Begin PBXVariantGroup section */
		11782DB91BB528A7009130E5 /* Main.storyboard */ = {
			isa = PBXVariantGroup;
			children = (
				11782DBA1BB528A7009130E5 /* Base */,
			);
			name = Main.storyboard;
			sourceTree = "<group>";
		};
		11782DBE1BB528A7009130E5 /* LaunchScreen.storyboard */ = {
			isa = PBXVariantGroup;
			children = (
				11782DBF1BB528A7009130E5 /* Base */,
			);
			name = LaunchScreen.storyboard;
			sourceTree = "<group>";
		};
/* End PBXVariantGroup section */

/* Begin XCBuildConfiguration section */
		11782DD81BB528A8009130E5 /* Debug */ = {
			isa = XCBuildConfiguration;
			buildSettings = {
				ALWAYS_SEARCH_USER_PATHS = NO;
				CLANG_CXX_LANGUAGE_STANDARD = "gnu++0x";
				CLANG_CXX_LIBRARY = "libc++";
				CLANG_ENABLE_MODULES = YES;
				CLANG_ENABLE_OBJC_ARC = YES;
				CLANG_WARN_BOOL_CONVERSION = YES;
				CLANG_WARN_CONSTANT_CONVERSION = YES;
				CLANG_WARN_DIRECT_OBJC_ISA_USAGE = YES_ERROR;
				CLANG_WARN_EMPTY_BODY = YES;
				CLANG_WARN_ENUM_CONVERSION = YES;
				CLANG_WARN_INT_CONVERSION = YES;
				CLANG_WARN_OBJC_ROOT_CLASS = YES_ERROR;
				CLANG_WARN_UNREACHABLE_CODE = YES;
				CLANG_WARN__DUPLICATE_METHOD_MATCH = YES;
				"CODE_SIGN_IDENTITY[sdk=iphoneos*]" = "iPhone Developer";
				COPY_PHASE_STRIP = NO;
				DEBUG_INFORMATION_FORMAT = dwarf;
				ENABLE_STRICT_OBJC_MSGSEND = YES;
				ENABLE_TESTABILITY = YES;
				GCC_C_LANGUAGE_STANDARD = gnu99;
				GCC_DYNAMIC_NO_PIC = NO;
				GCC_NO_COMMON_BLOCKS = YES;
				GCC_OPTIMIZATION_LEVEL = 0;
				GCC_PREPROCESSOR_DEFINITIONS = (
					"DEBUG=1",
					"$(inherited)",
				);
				GCC_WARN_64_TO_32_BIT_CONVERSION = YES;
				GCC_WARN_ABOUT_RETURN_TYPE = YES_ERROR;
				GCC_WARN_UNDECLARED_SELECTOR = YES;
				GCC_WARN_UNINITIALIZED_AUTOS = YES_AGGRESSIVE;
				GCC_WARN_UNUSED_FUNCTION = YES;
				GCC_WARN_UNUSED_VARIABLE = YES;
				IPHONEOS_DEPLOYMENT_TARGET = 9.0;
				MTL_ENABLE_DEBUG_INFO = YES;
				ONLY_ACTIVE_ARCH = YES;
				SDKROOT = iphoneos;
			};
			name = Debug;
		};
		11782DD91BB528A8009130E5 /* Release */ = {
			isa = XCBuildConfiguration;
			buildSettings = {
				ALWAYS_SEARCH_USER_PATHS = NO;
				CLANG_CXX_LANGUAGE_STANDARD = "gnu++0x";
				CLANG_CXX_LIBRARY = "libc++";
				CLANG_ENABLE_MODULES = YES;
				CLANG_ENABLE_OBJC_ARC = YES;
				CLANG_WARN_BOOL_CONVERSION = YES;
				CLANG_WARN_CONSTANT_CONVERSION = YES;
				CLANG_WARN_DIRECT_OBJC_ISA_USAGE = YES_ERROR;
				CLANG_WARN_EMPTY_BODY = YES;
				CLANG_WARN_ENUM_CONVERSION = YES;
				CLANG_WARN_INT_CONVERSION = YES;
				CLANG_WARN_OBJC_ROOT_CLASS = YES_ERROR;
				CLANG_WARN_UNREACHABLE_CODE = YES;
				CLANG_WARN__DUPLICATE_METHOD_MATCH = YES;
				"CODE_SIGN_IDENTITY[sdk=iphoneos*]" = "iPhone Developer";
				COPY_PHASE_STRIP = NO;
				DEBUG_INFORMATION_FORMAT = "dwarf-with-dsym";
				ENABLE_NS_ASSERTIONS = NO;
				ENABLE_STRICT_OBJC_MSGSEND = YES;
				GCC_C_LANGUAGE_STANDARD = gnu99;
				GCC_NO_COMMON_BLOCKS = YES;
				GCC_WARN_64_TO_32_BIT_CONVERSION = YES;
				GCC_WARN_ABOUT_RETURN_TYPE = YES_ERROR;
				GCC_WARN_UNDECLARED_SELECTOR = YES;
				GCC_WARN_UNINITIALIZED_AUTOS = YES_AGGRESSIVE;
				GCC_WARN_UNUSED_FUNCTION = YES;
				GCC_WARN_UNUSED_VARIABLE = YES;
				IPHONEOS_DEPLOYMENT_TARGET = 9.0;
				MTL_ENABLE_DEBUG_INFO = NO;
				SDKROOT = iphoneos;
				VALIDATE_PRODUCT = YES;
			};
			name = Release;
		};
		11782DDB1BB528A8009130E5 /* Debug */ = {
			isa = XCBuildConfiguration;
			buildSettings = {
				ASSETCATALOG_COMPILER_APPICON_NAME = AppIcon;
				CODE_SIGN_IDENTITY = "iPhone Developer";
				INFOPLIST_FILE = CarShare/Info.plist;
				IPHONEOS_DEPLOYMENT_TARGET = 9.0;
				LD_RUNPATH_SEARCH_PATHS = "$(inherited) @executable_path/Frameworks";
				PRODUCT_BUNDLE_IDENTIFIER = com.ssd.CarShare;
				PRODUCT_NAME = "$(TARGET_NAME)";
				PROVISIONING_PROFILE = "3659340a-6b34-468c-9ed8-9582164ca699";
			};
			name = Debug;
		};
		11782DDC1BB528A8009130E5 /* Release */ = {
			isa = XCBuildConfiguration;
			buildSettings = {
				ASSETCATALOG_COMPILER_APPICON_NAME = AppIcon;
				CODE_SIGN_IDENTITY = "iPhone Developer";
				INFOPLIST_FILE = CarShare/Info.plist;
				IPHONEOS_DEPLOYMENT_TARGET = 9.0;
				LD_RUNPATH_SEARCH_PATHS = "$(inherited) @executable_path/Frameworks";
				PRODUCT_BUNDLE_IDENTIFIER = com.ssd.CarShare;
				PRODUCT_NAME = "$(TARGET_NAME)";
				PROVISIONING_PROFILE = "3659340a-6b34-468c-9ed8-9582164ca699";
			};
			name = Release;
		};
		11782DDE1BB528A8009130E5 /* Debug */ = {
			isa = XCBuildConfiguration;
			buildSettings = {
				BUNDLE_LOADER = "$(TEST_HOST)";
				INFOPLIST_FILE = CarShareTests/Info.plist;
				LD_RUNPATH_SEARCH_PATHS = "$(inherited) @executable_path/Frameworks @loader_path/Frameworks";
				PRODUCT_BUNDLE_IDENTIFIER = com.ssd.CarShareTests;
				PRODUCT_NAME = "$(TARGET_NAME)";
				TEST_HOST = "$(BUILT_PRODUCTS_DIR)/CarShare.app/CarShare";
			};
			name = Debug;
		};
		11782DDF1BB528A8009130E5 /* Release */ = {
			isa = XCBuildConfiguration;
			buildSettings = {
				BUNDLE_LOADER = "$(TEST_HOST)";
				INFOPLIST_FILE = CarShareTests/Info.plist;
				LD_RUNPATH_SEARCH_PATHS = "$(inherited) @executable_path/Frameworks @loader_path/Frameworks";
				PRODUCT_BUNDLE_IDENTIFIER = com.ssd.CarShareTests;
				PRODUCT_NAME = "$(TARGET_NAME)";
				TEST_HOST = "$(BUILT_PRODUCTS_DIR)/CarShare.app/CarShare";
			};
			name = Release;
		};
		11782DE11BB528A8009130E5 /* Debug */ = {
			isa = XCBuildConfiguration;
			buildSettings = {
				INFOPLIST_FILE = CarShareUITests/Info.plist;
				LD_RUNPATH_SEARCH_PATHS = "$(inherited) @executable_path/Frameworks @loader_path/Frameworks";
				PRODUCT_BUNDLE_IDENTIFIER = com.ssd.CarShareUITests;
				PRODUCT_NAME = "$(TARGET_NAME)";
				TEST_TARGET_NAME = CarShare;
				USES_XCTRUNNER = YES;
			};
			name = Debug;
		};
		11782DE21BB528A8009130E5 /* Release */ = {
			isa = XCBuildConfiguration;
			buildSettings = {
				INFOPLIST_FILE = CarShareUITests/Info.plist;
				LD_RUNPATH_SEARCH_PATHS = "$(inherited) @executable_path/Frameworks @loader_path/Frameworks";
				PRODUCT_BUNDLE_IDENTIFIER = com.ssd.CarShareUITests;
				PRODUCT_NAME = "$(TARGET_NAME)";
				TEST_TARGET_NAME = CarShare;
				USES_XCTRUNNER = YES;
			};
			name = Release;
		};
/* End XCBuildConfiguration section */

/* Begin XCConfigurationList section */
		11782DA81BB528A7009130E5 /* Build configuration list for PBXProject "CarShare" */ = {
			isa = XCConfigurationList;
			buildConfigurations = (
				11782DD81BB528A8009130E5 /* Debug */,
				11782DD91BB528A8009130E5 /* Release */,
			);
			defaultConfigurationIsVisible = 0;
			defaultConfigurationName = Release;
		};
		11782DDA1BB528A8009130E5 /* Build configuration list for PBXNativeTarget "CarShare" */ = {
			isa = XCConfigurationList;
			buildConfigurations = (
				11782DDB1BB528A8009130E5 /* Debug */,
				11782DDC1BB528A8009130E5 /* Release */,
			);
			defaultConfigurationIsVisible = 0;
			defaultConfigurationName = Release;
		};
		11782DDD1BB528A8009130E5 /* Build configuration list for PBXNativeTarget "CarShareTests" */ = {
			isa = XCConfigurationList;
			buildConfigurations = (
				11782DDE1BB528A8009130E5 /* Debug */,
				11782DDF1BB528A8009130E5 /* Release */,
			);
			defaultConfigurationIsVisible = 0;
			defaultConfigurationName = Release;
		};
		11782DE01BB528A8009130E5 /* Build configuration list for PBXNativeTarget "CarShareUITests" */ = {
			isa = XCConfigurationList;
			buildConfigurations = (
				11782DE11BB528A8009130E5 /* Debug */,
				11782DE21BB528A8009130E5 /* Release */,
			);
			defaultConfigurationIsVisible = 0;
			defaultConfigurationName = Release;
		};
/* End XCConfigurationList section */
	};
	rootObject = 11782DA51BB528A7009130E5 /* Project object */;
}
